# This file is automatically @generated by Cargo.
# It is not intended for manual editing.
version = 3

[[package]]
name = "bpaf"
version = "0.9.15"
source = "registry+https://github.com/rust-lang/crates.io-index"
checksum = "50fd5174866dc2fa2ddc96e8fb800852d37f064f32a45c7b7c2f8fa2c64c77fa"

[[package]]
name = "php-epm"
version = "0.0.1"
dependencies = [
 "bpaf",
]
